// !$*UTF8*$!
{
	archiveVersion = 1;
	classes = {
	};
	objectVersion = 56;
	objects = {

/* Begin PBXBuildFile section */
		C31410542C3DAEBE002E56B8 /* CoreDataWorkoutApp.swift in Sources */ = {isa = PBXBuildFile; fileRef = C31410532C3DAEBE002E56B8 /* CoreDataWorkoutApp.swift */; };
		C31410562C3DAEBE002E56B8 /* ContentView.swift in Sources */ = {isa = PBXBuildFile; fileRef = C31410552C3DAEBE002E56B8 /* ContentView.swift */; };
		C31410582C3DAEBF002E56B8 /* Assets.xcassets in Resources */ = {isa = PBXBuildFile; fileRef = C31410572C3DAEBF002E56B8 /* Assets.xcassets */; };
		C314105B2C3DAEBF002E56B8 /* Preview Assets.xcassets in Resources */ = {isa = PBXBuildFile; fileRef = C314105A2C3DAEBF002E56B8 /* Preview Assets.xcassets */; };
		C31410602C3DAEBF002E56B8 /* CoreDataWorkout.xcdatamodeld in Sources */ = {isa = PBXBuildFile; fileRef = C314105E2C3DAEBF002E56B8 /* CoreDataWorkout.xcdatamodeld */; };
		C31410822C3DBA6E002E56B8 /* DataController.swift in Sources */ = {isa = PBXBuildFile; fileRef = C31410812C3DBA6E002E56B8 /* DataController.swift */; };
/* End PBXBuildFile section */

/* Begin PBXFileReference section */
		C31410502C3DAEBE002E56B8 /* CoreDataWorkout.app */ = {isa = PBXFileReference; explicitFileType = wrapper.application; includeInIndex = 0; path = CoreDataWorkout.app; sourceTree = BUILT_PRODUCTS_DIR; };
		C31410532C3DAEBE002E56B8 /* CoreDataWorkoutApp.swift */ = {isa = PBXFileReference; lastKnownFileType = sourcecode.swift; path = CoreDataWorkoutApp.swift; sourceTree = "<group>"; };
		C31410552C3DAEBE002E56B8 /* ContentView.swift */ = {isa = PBXFileReference; lastKnownFileType = sourcecode.swift; path = ContentView.swift; sourceTree = "<group>"; };
		C31410572C3DAEBF002E56B8 /* Assets.xcassets */ = {isa = PBXFileReference; lastKnownFileType = folder.assetcatalog; path = Assets.xcassets; sourceTree = "<group>"; };
		C314105A2C3DAEBF002E56B8 /* Preview Assets.xcassets */ = {isa = PBXFileReference; lastKnownFileType = folder.assetcatalog; path = "Preview Assets.xcassets"; sourceTree = "<group>"; };
		C314105F2C3DAEBF002E56B8 /* CoreDataWorkout.xcdatamodel */ = {isa = PBXFileReference; lastKnownFileType = wrapper.xcdatamodel; path = CoreDataWorkout.xcdatamodel; sourceTree = "<group>"; };
		C31410812C3DBA6E002E56B8 /* DataController.swift */ = {isa = PBXFileReference; lastKnownFileType = sourcecode.swift; path = DataController.swift; sourceTree = "<group>"; };
/* End PBXFileReference section */

/* Begin PBXFrameworksBuildPhase section */
		C314104D2C3DAEBE002E56B8 /* Frameworks */ = {
			isa = PBXFrameworksBuildPhase;
			buildActionMask = 2147483647;
			files = (
			);
			runOnlyForDeploymentPostprocessing = 0;
		};
/* End PBXFrameworksBuildPhase section */

/* Begin PBXGroup section */
		C31410472C3DAEBE002E56B8 = {
			isa = PBXGroup;
			children = (
				C31410522C3DAEBE002E56B8 /* CoreDataWorkout */,
				C31410512C3DAEBE002E56B8 /* Products */,
			);
			sourceTree = "<group>";
		};
		C31410512C3DAEBE002E56B8 /* Products */ = {
			isa = PBXGroup;
			children = (
				C31410502C3DAEBE002E56B8 /* CoreDataWorkout.app */,
			);
			name = Products;
			sourceTree = "<group>";
		};
		C31410522C3DAEBE002E56B8 /* CoreDataWorkout */ = {
			isa = PBXGroup;
			children = (
				C31410572C3DAEBF002E56B8 /* Assets.xcassets */,
				C31410842C3DBAA4002E56B8 /* CoreData */,
				C31410532C3DAEBE002E56B8 /* CoreDataWorkoutApp.swift */,
				C31410832C3DBA74002E56B8 /* Managers */,
				C31410592C3DAEBF002E56B8 /* Preview Content */,
				C31410772C3DB5E7002E56B8 /* Views */,
			);
			path = CoreDataWorkout;
			sourceTree = "<group>";
		};
		C31410592C3DAEBF002E56B8 /* Preview Content */ = {
			isa = PBXGroup;
			children = (
				C314105A2C3DAEBF002E56B8 /* Preview Assets.xcassets */,
			);
			path = "Preview Content";
			sourceTree = "<group>";
		};
		C31410772C3DB5E7002E56B8 /* Views */ = {
			isa = PBXGroup;
			children = (
				C31410552C3DAEBE002E56B8 /* ContentView.swift */,
			);
			path = Views;
			sourceTree = "<group>";
		};
		C31410832C3DBA74002E56B8 /* Managers */ = {
			isa = PBXGroup;
			children = (
				C31410812C3DBA6E002E56B8 /* DataController.swift */,
			);
			path = Managers;
			sourceTree = "<group>";
		};
		C31410842C3DBAA4002E56B8 /* CoreData */ = {
			isa = PBXGroup;
			children = (
				C314105E2C3DAEBF002E56B8 /* CoreDataWorkout.xcdatamodeld */,
			);
			path = CoreData;
			sourceTree = "<group>";
		};
/* End PBXGroup section */

/* Begin PBXNativeTarget section */
		C314104F2C3DAEBE002E56B8 /* CoreDataWorkout */ = {
			isa = PBXNativeTarget;
			buildConfigurationList = C31410632C3DAEBF002E56B8 /* Build configuration list for PBXNativeTarget "CoreDataWorkout" */;
			buildPhases = (
				C314104C2C3DAEBE002E56B8 /* Sources */,
				C314104D2C3DAEBE002E56B8 /* Frameworks */,
				C314104E2C3DAEBE002E56B8 /* Resources */,
			);
			buildRules = (
			);
			dependencies = (
			);
			name = CoreDataWorkout;
			productName = CoreDataWorkout;
			productReference = C31410502C3DAEBE002E56B8 /* CoreDataWorkout.app */;
			productType = "com.apple.product-type.application";
		};
/* End PBXNativeTarget section */

/* Begin PBXProject section */
		C31410482C3DAEBE002E56B8 /* Project object */ = {
			isa = PBXProject;
			attributes = {
				BuildIndependentTargetsInParallel = 1;
				LastSwiftUpdateCheck = 1530;
				LastUpgradeCheck = 1530;
				TargetAttributes = {
					C314104F2C3DAEBE002E56B8 = {
						CreatedOnToolsVersion = 15.3;
					};
				};
			};
			buildConfigurationList = C314104B2C3DAEBE002E56B8 /* Build configuration list for PBXProject "CoreDataWorkout" */;
			compatibilityVersion = "Xcode 14.0";
			developmentRegion = en;
			hasScannedForEncodings = 0;
			knownRegions = (
				en,
				Base,
			);
			mainGroup = C31410472C3DAEBE002E56B8;
			productRefGroup = C31410512C3DAEBE002E56B8 /* Products */;
			projectDirPath = "";
			projectRoot = "";
			targets = (
				C314104F2C3DAEBE002E56B8 /* CoreDataWorkout */,
			);
		};
/* End PBXProject section */

/* Begin PBXResourcesBuildPhase section */
		C314104E2C3DAEBE002E56B8 /* Resources */ = {
			isa = PBXResourcesBuildPhase;
			buildActionMask = 2147483647;
			files = (
				C314105B2C3DAEBF002E56B8 /* Preview Assets.xcassets in Resources */,
				C31410582C3DAEBF002E56B8 /* Assets.xcassets in Resources */,
			);
			runOnlyForDeploymentPostprocessing = 0;
		};
/* End PBXResourcesBuildPhase section */

/* Begin PBXSourcesBuildPhase section */
		C314104C2C3DAEBE002E56B8 /* Sources */ = {
			isa = PBXSourcesBuildPhase;
			buildActionMask = 2147483647;
			files = (
				C31410562C3DAEBE002E56B8 /* ContentView.swift in Sources */,
				C31410602C3DAEBF002E56B8 /* CoreDataWorkout.xcdatamodeld in Sources */,
				C31410542C3DAEBE002E56B8 /* CoreDataWorkoutApp.swift in Sources */,
				C31410822C3DBA6E002E56B8 /* DataController.swift in Sources */,
			);
			runOnlyForDeploymentPostprocessing = 0;
		};
/* End PBXSourcesBuildPhase section */

/* Begin XCBuildConfiguration section */
		C31410612C3DAEBF002E56B8 /* Debug */ = {
			isa = XCBuildConfiguration;
			buildSettings = {
				ALWAYS_SEARCH_USER_PATHS = NO;
				ASSETCATALOG_COMPILER_GENERATE_SWIFT_ASSET_SYMBOL_EXTENSIONS = YES;
				CLANG_ANALYZER_NONNULL = YES;
				CLANG_ANALYZER_NUMBER_OBJECT_CONVERSION = YES_AGGRESSIVE;
				CLANG_CXX_LANGUAGE_STANDARD = "gnu++20";
				CLANG_ENABLE_MODULES = YES;
				CLANG_ENABLE_OBJC_ARC = YES;
				CLANG_ENABLE_OBJC_WEAK = YES;
				CLANG_WARN_BLOCK_CAPTURE_AUTORELEASING = YES;
				CLANG_WARN_BOOL_CONVERSION = YES;
				CLANG_WARN_COMMA = YES;
				CLANG_WARN_CONSTANT_CONVERSION = YES;
				CLANG_WARN_DEPRECATED_OBJC_IMPLEMENTATIONS = YES;
				CLANG_WARN_DIRECT_OBJC_ISA_USAGE = YES_ERROR;
				CLANG_WARN_DOCUMENTATION_COMMENTS = YES;
				CLANG_WARN_EMPTY_BODY = YES;
				CLANG_WARN_ENUM_CONVERSION = YES;
				CLANG_WARN_INFINITE_RECURSION = YES;
				CLANG_WARN_INT_CONVERSION = YES;
				CLANG_WARN_NON_LITERAL_NULL_CONVERSION = YES;
				CLANG_WARN_OBJC_IMPLICIT_RETAIN_SELF = YES;
				CLANG_WARN_OBJC_LITERAL_CONVERSION = YES;
				CLANG_WARN_OBJC_ROOT_CLASS = YES_ERROR;
				CLANG_WARN_QUOTED_INCLUDE_IN_FRAMEWORK_HEADER = YES;
				CLANG_WARN_RANGE_LOOP_ANALYSIS = YES;
				CLANG_WARN_STRICT_PROTOTYPES = YES;
				CLANG_WARN_SUSPICIOUS_MOVE = YES;
				CLANG_WARN_UNGUARDED_AVAILABILITY = YES_AGGRESSIVE;
				CLANG_WARN_UNREACHABLE_CODE = YES;
				CLANG_WARN__DUPLICATE_METHOD_MATCH = YES;
				COPY_PHASE_STRIP = NO;
				DEBUG_INFORMATION_FORMAT = dwarf;
				ENABLE_STRICT_OBJC_MSGSEND = YES;
				ENABLE_TESTABILITY = YES;
				ENABLE_USER_SCRIPT_SANDBOXING = YES;
				GCC_C_LANGUAGE_STANDARD = gnu17;
				GCC_DYNAMIC_NO_PIC = NO;
				GCC_NO_COMMON_BLOCKS = YES;
				GCC_OPTIMIZATION_LEVEL = 0;
				GCC_PREPROCESSOR_DEFINITIONS = (
					"DEBUG=1",
					"$(inherited)",
				);
				GCC_WARN_64_TO_32_BIT_CONVERSION = YES;
				GCC_WARN_ABOUT_RETURN_TYPE = YES_ERROR;
				GCC_WARN_UNDECLARED_SELECTOR = YES;
				GCC_WARN_UNINITIALIZED_AUTOS = YES_AGGRESSIVE;
				GCC_WARN_UNUSED_FUNCTION = YES;
				GCC_WARN_UNUSED_VARIABLE = YES;
				IPHONEOS_DEPLOYMENT_TARGET = 17.4;
				LOCALIZATION_PREFERS_STRING_CATALOGS = YES;
				MTL_ENABLE_DEBUG_INFO = INCLUDE_SOURCE;
				MTL_FAST_MATH = YES;
				ONLY_ACTIVE_ARCH = YES;
				SDKROOT = iphoneos;
				SWIFT_ACTIVE_COMPILATION_CONDITIONS = "DEBUG $(inherited)";
				SWIFT_OPTIMIZATION_LEVEL = "-Onone";
			};
			name = Debug;
		};
		C31410622C3DAEBF002E56B8 /* Release */ = {
			isa = XCBuildConfiguration;
			buildSettings = {
				ALWAYS_SEARCH_USER_PATHS = NO;
				ASSETCATALOG_COMPILER_GENERATE_SWIFT_ASSET_SYMBOL_EXTENSIONS = YES;
				CLANG_ANALYZER_NONNULL = YES;
				CLANG_ANALYZER_NUMBER_OBJECT_CONVERSION = YES_AGGRESSIVE;
				CLANG_CXX_LANGUAGE_STANDARD = "gnu++20";
				CLANG_ENABLE_MODULES = YES;
				CLANG_ENABLE_OBJC_ARC = YES;
				CLANG_ENABLE_OBJC_WEAK = YES;
				CLANG_WARN_BLOCK_CAPTURE_AUTORELEASING = YES;
				CLANG_WARN_BOOL_CONVERSION = YES;
				CLANG_WARN_COMMA = YES;
				CLANG_WARN_CONSTANT_CONVERSION = YES;
				CLANG_WARN_DEPRECATED_OBJC_IMPLEMENTATIONS = YES;
				CLANG_WARN_DIRECT_OBJC_ISA_USAGE = YES_ERROR;
				CLANG_WARN_DOCUMENTATION_COMMENTS = YES;
				CLANG_WARN_EMPTY_BODY = YES;
				CLANG_WARN_ENUM_CONVERSION = YES;
				CLANG_WARN_INFINITE_RECURSION = YES;
				CLANG_WARN_INT_CONVERSION = YES;
				CLANG_WARN_NON_LITERAL_NULL_CONVERSION = YES;
				CLANG_WARN_OBJC_IMPLICIT_RETAIN_SELF = YES;
				CLANG_WARN_OBJC_LITERAL_CONVERSION = YES;
				CLANG_WARN_OBJC_ROOT_CLASS = YES_ERROR;
				CLANG_WARN_QUOTED_INCLUDE_IN_FRAMEWORK_HEADER = YES;
				CLANG_WARN_RANGE_LOOP_ANALYSIS = YES;
				CLANG_WARN_STRICT_PROTOTYPES = YES;
				CLANG_WARN_SUSPICIOUS_MOVE = YES;
				CLANG_WARN_UNGUARDED_AVAILABILITY = YES_AGGRESSIVE;
				CLANG_WARN_UNREACHABLE_CODE = YES;
				CLANG_WARN__DUPLICATE_METHOD_MATCH = YES;
				COPY_PHASE_STRIP = NO;
				DEBUG_INFORMATION_FORMAT = "dwarf-with-dsym";
				ENABLE_NS_ASSERTIONS = NO;
				ENABLE_STRICT_OBJC_MSGSEND = YES;
				ENABLE_USER_SCRIPT_SANDBOXING = YES;
				GCC_C_LANGUAGE_STANDARD = gnu17;
				GCC_NO_COMMON_BLOCKS = YES;
				GCC_WARN_64_TO_32_BIT_CONVERSION = YES;
				GCC_WARN_ABOUT_RETURN_TYPE = YES_ERROR;
				GCC_WARN_UNDECLARED_SELECTOR = YES;
				GCC_WARN_UNINITIALIZED_AUTOS = YES_AGGRESSIVE;
				GCC_WARN_UNUSED_FUNCTION = YES;
				GCC_WARN_UNUSED_VARIABLE = YES;
				IPHONEOS_DEPLOYMENT_TARGET = 17.4;
				LOCALIZATION_PREFERS_STRING_CATALOGS = YES;
				MTL_ENABLE_DEBUG_INFO = NO;
				MTL_FAST_MATH = YES;
				SDKROOT = iphoneos;
				SWIFT_COMPILATION_MODE = wholemodule;
				VALIDATE_PRODUCT = YES;
			};
			name = Release;
		};
		C31410642C3DAEBF002E56B8 /* Debug */ = {
			isa = XCBuildConfiguration;
			buildSettings = {
				ASSETCATALOG_COMPILER_APPICON_NAME = AppIcon;
				ASSETCATALOG_COMPILER_GLOBAL_ACCENT_COLOR_NAME = AccentColor;
				CODE_SIGN_STYLE = Automatic;
				CURRENT_PROJECT_VERSION = 1;
				DEVELOPMENT_ASSET_PATHS = "\"CoreDataWorkout/Preview Content\"";
				DEVELOPMENT_TEAM = 829TEWXQ4Y;
				ENABLE_PREVIEWS = YES;
				GENERATE_INFOPLIST_FILE = YES;
				INFOPLIST_KEY_UIApplicationSceneManifest_Generation = YES;
				INFOPLIST_KEY_UIApplicationSupportsIndirectInputEvents = YES;
				INFOPLIST_KEY_UILaunchScreen_Generation = YES;
				INFOPLIST_KEY_UISupportedInterfaceOrientations_iPad = "UIInterfaceOrientationPortrait UIInterfaceOrientationPortraitUpsideDown UIInterfaceOrientationLandscapeLeft UIInterfaceOrientationLandscapeRight";
				INFOPLIST_KEY_UISupportedInterfaceOrientations_iPhone = "UIInterfaceOrientationPortrait UIInterfaceOrientationLandscapeLeft UIInterfaceOrientationLandscapeRight";
				LD_RUNPATH_SEARCH_PATHS = (
					"$(inherited)",
					"@executable_path/Frameworks",
				);
				MARKETING_VERSION = 1.0;
				PRODUCT_BUNDLE_IDENTIFIER = AlistairCooper.CoreDataWorkout;
				PRODUCT_NAME = "$(TARGET_NAME)";
				SWIFT_EMIT_LOC_STRINGS = YES;
				SWIFT_VERSION = 5.0;
				TARGETED_DEVICE_FAMILY = "1,2";
			};
			name = Debug;
		};
		C31410652C3DAEBF002E56B8 /* Release */ = {
			isa = XCBuildConfiguration;
			buildSettings = {
				ASSETCATALOG_COMPILER_APPICON_NAME = AppIcon;
				ASSETCATALOG_COMPILER_GLOBAL_ACCENT_COLOR_NAME = AccentColor;
				CODE_SIGN_STYLE = Automatic;
				CURRENT_PROJECT_VERSION = 1;
				DEVELOPMENT_ASSET_PATHS = "\"CoreDataWorkout/Preview Content\"";
				DEVELOPMENT_TEAM = 829TEWXQ4Y;
				ENABLE_PREVIEWS = YES;
				GENERATE_INFOPLIST_FILE = YES;
				INFOPLIST_KEY_UIApplicationSceneManifest_Generation = YES;
				INFOPLIST_KEY_UIApplicationSupportsIndirectInputEvents = YES;
				INFOPLIST_KEY_UILaunchScreen_Generation = YES;
				INFOPLIST_KEY_UISupportedInterfaceOrientations_iPad = "UIInterfaceOrientationPortrait UIInterfaceOrientationPortraitUpsideDown UIInterfaceOrientationLandscapeLeft UIInterfaceOrientationLandscapeRight";
				INFOPLIST_KEY_UISupportedInterfaceOrientations_iPhone = "UIInterfaceOrientationPortrait UIInterfaceOrientationLandscapeLeft UIInterfaceOrientationLandscapeRight";
				LD_RUNPATH_SEARCH_PATHS = (
					"$(inherited)",
					"@executable_path/Frameworks",
				);
				MARKETING_VERSION = 1.0;
				PRODUCT_BUNDLE_IDENTIFIER = AlistairCooper.CoreDataWorkout;
				PRODUCT_NAME = "$(TARGET_NAME)";
				SWIFT_EMIT_LOC_STRINGS = YES;
				SWIFT_VERSION = 5.0;
				TARGETED_DEVICE_FAMILY = "1,2";
			};
			name = Release;
		};
/* End XCBuildConfiguration section */

/* Begin XCConfigurationList section */
		C314104B2C3DAEBE002E56B8 /* Build configuration list for PBXProject "CoreDataWorkout" */ = {
			isa = XCConfigurationList;
			buildConfigurations = (
				C31410612C3DAEBF002E56B8 /* Debug */,
				C31410622C3DAEBF002E56B8 /* Release */,
			);
			defaultConfigurationIsVisible = 0;
			defaultConfigurationName = Release;
		};
		C31410632C3DAEBF002E56B8 /* Build configuration list for PBXNativeTarget "CoreDataWorkout" */ = {
			isa = XCConfigurationList;
			buildConfigurations = (
				C31410642C3DAEBF002E56B8 /* Debug */,
				C31410652C3DAEBF002E56B8 /* Release */,
			);
			defaultConfigurationIsVisible = 0;
			defaultConfigurationName = Release;
		};
/* End XCConfigurationList section */

/* Begin XCVersionGroup section */
		C314105E2C3DAEBF002E56B8 /* CoreDataWorkout.xcdatamodeld */ = {
			isa = XCVersionGroup;
			children = (
				C314105F2C3DAEBF002E56B8 /* CoreDataWorkout.xcdatamodel */,
			);
			currentVersion = C314105F2C3DAEBF002E56B8 /* CoreDataWorkout.xcdatamodel */;
			path = CoreDataWorkout.xcdatamodeld;
			sourceTree = "<group>";
			versionGroupType = wrapper.xcdatamodel;
		};
/* End XCVersionGroup section */
	};
	rootObject = C31410482C3DAEBE002E56B8 /* Project object */;
}
